
Microsoft Visual Studio Solution File, Format Version 12.00
# Visual Studio Version 16
VisualStudioVersion = 16.0.29521.150
MinimumVisualStudioVersion = 10.0.40219.1
Project("{2150E333-8FDC-42A3-9474-1A3956D46DE8}") = "Crm", "Crm", "{6AF5BCF6-9511-4492-B134-2D8773556D3A}"
EndProject
Project("{9A19103F-16F7-4668-BE54-9A1E7A4F7556}") = "Rs.App.Core.Crm", "Src\Crm\Rs.App.Core.Crm\Rs.App.Core.Crm.csproj", "{8AB98D20-21BD-4517-9809-0E342811D996}"
EndProject
Project("{9A19103F-16F7-4668-BE54-9A1E7A4F7556}") = "Rs.App.Core.Crm.Infra.Data", "Src\Crm\Rs.App.Core.Crm.Data\Rs.App.Core.Crm.Infra.Data.csproj", "{DF1A7F81-28E8-4EF4-AA7D-82312CAFD7D4}"
EndProject
Project("{9A19103F-16F7-4668-BE54-9A1E7A4F7556}") = "Rs.App.Core.Crm.Web.Api", "Src\Crm\Rs.App.Core.Crm.Web.Api\Rs.App.Core.Crm.Web.Api.csproj", "{DCF1A6BF-1E78-4F28-831F-B91CF27D568F}"
EndProject
Project("{2150E333-8FDC-42A3-9474-1A3956D46DE8}") = "Pm", "Pm", "{2F8DBBFD-1BB9-4B59-9BD9-A155DEACF94A}"
EndProject
Project("{9A19103F-16F7-4668-BE54-9A1E7A4F7556}") = "Rs.App.Core.Pm", "Src\Pm\Rs.App.Core.Pm\Rs.App.Core.Pm.csproj", "{452DCDAA-26C8-4833-BF3A-642CDA3345BB}"
EndProject
Project("{9A19103F-16F7-4668-BE54-9A1E7A4F7556}") = "Rs.App.Core.Pm.Infra.Data", "Src\Pm\Rs.App.Core.Pm.Infra.Data\Rs.App.Core.Pm.Infra.Data.csproj", "{EDE39092-1A98-467E-9F6B-19067224D17D}"
EndProject
Project("{9A19103F-16F7-4668-BE54-9A1E7A4F7556}") = "Rs.App.Core.Pm.Web.Api", "Src\Pm\Rs.App.Core.Pm.Web.Api\Rs.App.Core.Pm.Web.Api.csproj", "{E1B1E740-F797-43CB-9AE3-1041CD11338B}"
EndProject
Project("{2150E333-8FDC-42A3-9474-1A3956D46DE8}") = "AuthServer", "AuthServer", "{F4910869-372D-4365-B773-BB2356191F2A}"
EndProject
Project("{9A19103F-16F7-4668-BE54-9A1E7A4F7556}") = "Rs.App.Core.Auth.Server", "Src\AuthServer\Rs.App.Core.Auth.Server\Rs.App.Core.Auth.Server.csproj", "{0BAB69A6-FDA0-463F-875A-8DF46F92EDFB}"
EndProject
Project("{2150E333-8FDC-42A3-9474-1A3956D46DE8}") = "Sm", "Sm", "{64F7B4C9-CEFE-4F38-B074-53D66F00F0B8}"
EndProject
Project("{9A19103F-16F7-4668-BE54-9A1E7A4F7556}") = "Rs.App.Core.Sales", "Src\Sm\Rs.App.Core.Sales\Rs.App.Core.Sales.csproj", "{C2575D3C-59F6-4AB6-B5CA-ED2DC114B6FC}"
EndProject
Project("{9A19103F-16F7-4668-BE54-9A1E7A4F7556}") = "Rs.App.Core.Sales.Infra.Data", "Src\Sm\Rs.App.Core.Sales.Infra.Data\Rs.App.Core.Sales.Infra.Data.csproj", "{E30AD423-7D1F-492C-806F-E99FDA35456B}"
EndProject
Project("{9A19103F-16F7-4668-BE54-9A1E7A4F7556}") = "Rs.App.Core.Sales.Web.Api", "Src\Sm\Rs.App.Core.Sales.Web.Api\Rs.App.Core.Sales.Web.Api.csproj", "{F884062A-0C5C-4EFD-A0C9-6B63D6FA44CE}"
EndProject
Global
	GlobalSection(SolutionConfigurationPlatforms) = preSolution
		Debug|Any CPU = Debug|Any CPU
		Release|Any CPU = Release|Any CPU
	EndGlobalSection
	GlobalSection(ProjectConfigurationPlatforms) = postSolution
		{8AB98D20-21BD-4517-9809-0E342811D996}.Debug|Any CPU.ActiveCfg = Debug|Any CPU
		{8AB98D20-21BD-4517-9809-0E342811D996}.Debug|Any CPU.Build.0 = Debug|Any CPU
		{8AB98D20-21BD-4517-9809-0E342811D996}.Release|Any CPU.ActiveCfg = Release|Any CPU
		{8AB98D20-21BD-4517-9809-0E342811D996}.Release|Any CPU.Build.0 = Release|Any CPU
		{DF1A7F81-28E8-4EF4-AA7D-82312CAFD7D4}.Debug|Any CPU.ActiveCfg = Debug|Any CPU
		{DF1A7F81-28E8-4EF4-AA7D-82312CAFD7D4}.Debug|Any CPU.Build.0 = Debug|Any CPU
		{DF1A7F81-28E8-4EF4-AA7D-82312CAFD7D4}.Release|Any CPU.ActiveCfg = Release|Any CPU
		{DF1A7F81-28E8-4EF4-AA7D-82312CAFD7D4}.Release|Any CPU.Build.0 = Release|Any CPU
		{DCF1A6BF-1E78-4F28-831F-B91CF27D568F}.Debug|Any CPU.ActiveCfg = Debug|Any CPU
		{DCF1A6BF-1E78-4F28-831F-B91CF27D568F}.Debug|Any CPU.Build.0 = Debug|Any CPU
		{DCF1A6BF-1E78-4F28-831F-B91CF27D568F}.Release|Any CPU.ActiveCfg = Release|Any CPU
		{DCF1A6BF-1E78-4F28-831F-B91CF27D568F}.Release|Any CPU.Build.0 = Release|Any CPU
		{452DCDAA-26C8-4833-BF3A-642CDA3345BB}.Debug|Any CPU.ActiveCfg = Debug|Any CPU
		{452DCDAA-26C8-4833-BF3A-642CDA3345BB}.Debug|Any CPU.Build.0 = Debug|Any CPU
		{452DCDAA-26C8-4833-BF3A-642CDA3345BB}.Release|Any CPU.ActiveCfg = Release|Any CPU
		{452DCDAA-26C8-4833-BF3A-642CDA3345BB}.Release|Any CPU.Build.0 = Release|Any CPU
		{EDE39092-1A98-467E-9F6B-19067224D17D}.Debug|Any CPU.ActiveCfg = Debug|Any CPU
		{EDE39092-1A98-467E-9F6B-19067224D17D}.Debug|Any CPU.Build.0 = Debug|Any CPU
		{EDE39092-1A98-467E-9F6B-19067224D17D}.Release|Any CPU.ActiveCfg = Release|Any CPU
		{EDE39092-1A98-467E-9F6B-19067224D17D}.Release|Any CPU.Build.0 = Release|Any CPU
		{E1B1E740-F797-43CB-9AE3-1041CD11338B}.Debug|Any CPU.ActiveCfg = Debug|Any CPU
		{E1B1E740-F797-43CB-9AE3-1041CD11338B}.Debug|Any CPU.Build.0 = Debug|Any CPU
		{E1B1E740-F797-43CB-9AE3-1041CD11338B}.Release|Any CPU.ActiveCfg = Release|Any CPU
		{E1B1E740-F797-43CB-9AE3-1041CD11338B}.Release|Any CPU.Build.0 = Release|Any CPU
		{0BAB69A6-FDA0-463F-875A-8DF46F92EDFB}.Debug|Any CPU.ActiveCfg = Debug|Any CPU
		{0BAB69A6-FDA0-463F-875A-8DF46F92EDFB}.Debug|Any CPU.Build.0 = Debug|Any CPU
		{0BAB69A6-FDA0-463F-875A-8DF46F92EDFB}.Release|Any CPU.ActiveCfg = Release|Any CPU
		{0BAB69A6-FDA0-463F-875A-8DF46F92EDFB}.Release|Any CPU.Build.0 = Release|Any CPU
		{C2575D3C-59F6-4AB6-B5CA-ED2DC114B6FC}.Debug|Any CPU.ActiveCfg = Debug|Any CPU
		{C2575D3C-59F6-4AB6-B5CA-ED2DC114B6FC}.Debug|Any CPU.Build.0 = Debug|Any CPU
		{C2575D3C-59F6-4AB6-B5CA-ED2DC114B6FC}.Release|Any CPU.ActiveCfg = Release|Any CPU
		{C2575D3C-59F6-4AB6-B5CA-ED2DC114B6FC}.Release|Any CPU.Build.0 = Release|Any CPU
		{E30AD423-7D1F-492C-806F-E99FDA35456B}.Debug|Any CPU.ActiveCfg = Debug|Any CPU
		{E30AD423-7D1F-492C-806F-E99FDA35456B}.Debug|Any CPU.Build.0 = Debug|Any CPU
		{E30AD423-7D1F-492C-806F-E99FDA35456B}.Release|Any CPU.ActiveCfg = Release|Any CPU
		{E30AD423-7D1F-492C-806F-E99FDA35456B}.Release|Any CPU.Build.0 = Release|Any CPU
		{F884062A-0C5C-4EFD-A0C9-6B63D6FA44CE}.Debug|Any CPU.ActiveCfg = Debug|Any CPU
		{F884062A-0C5C-4EFD-A0C9-6B63D6FA44CE}.Debug|Any CPU.Build.0 = Debug|Any CPU
		{F884062A-0C5C-4EFD-A0C9-6B63D6FA44CE}.Release|Any CPU.ActiveCfg = Release|Any CPU
		{F884062A-0C5C-4EFD-A0C9-6B63D6FA44CE}.Release|Any CPU.Build.0 = Release|Any CPU
	EndGlobalSection
	GlobalSection(SolutionProperties) = preSolution
		HideSolutionNode = FALSE
	EndGlobalSection
	GlobalSection(NestedProjects) = preSolution
		{8AB98D20-21BD-4517-9809-0E342811D996} = {6AF5BCF6-9511-4492-B134-2D8773556D3A}
		{DF1A7F81-28E8-4EF4-AA7D-82312CAFD7D4} = {6AF5BCF6-9511-4492-B134-2D8773556D3A}
		{DCF1A6BF-1E78-4F28-831F-B91CF27D568F} = {6AF5BCF6-9511-4492-B134-2D8773556D3A}
		{452DCDAA-26C8-4833-BF3A-642CDA3345BB} = {2F8DBBFD-1BB9-4B59-9BD9-A155DEACF94A}
		{EDE39092-1A98-467E-9F6B-19067224D17D} = {2F8DBBFD-1BB9-4B59-9BD9-A155DEACF94A}
		{E1B1E740-F797-43CB-9AE3-1041CD11338B} = {2F8DBBFD-1BB9-4B59-9BD9-A155DEACF94A}
		{0BAB69A6-FDA0-463F-875A-8DF46F92EDFB} = {F4910869-372D-4365-B773-BB2356191F2A}
		{C2575D3C-59F6-4AB6-B5CA-ED2DC114B6FC} = {64F7B4C9-CEFE-4F38-B074-53D66F00F0B8}
		{E30AD423-7D1F-492C-806F-E99FDA35456B} = {64F7B4C9-CEFE-4F38-B074-53D66F00F0B8}
		{F884062A-0C5C-4EFD-A0C9-6B63D6FA44CE} = {64F7B4C9-CEFE-4F38-B074-53D66F00F0B8}
	EndGlobalSection
	GlobalSection(ExtensibilityGlobals) = postSolution
		SolutionGuid = {87E56295-2FE1-46AE-9657-B81A24737DDC}
	EndGlobalSection
EndGlobal
